// !$*UTF8*$!
{
	archiveVersion = 1;
	classes = {
	};
	objectVersion = 55;
	objects = {

/* Begin PBXBuildFile section */
		E69E19E22896290E00162DD6 /* APIServiceState.swift in Sources */ = {isa = PBXBuildFile; fileRef = E69E19E12896290E00162DD6 /* APIServiceState.swift */; };
		E69E19E628962C9F00162DD6 /* SearchService.swift in Sources */ = {isa = PBXBuildFile; fileRef = E69E19E528962C9F00162DD6 /* SearchService.swift */; };
		E69E19F728968FA400162DD6 /* HomeViewModel.swift in Sources */ = {isa = PBXBuildFile; fileRef = E69E19F628968FA400162DD6 /* HomeViewModel.swift */; };
		E69E19F928968FB300162DD6 /* HomeService.swift in Sources */ = {isa = PBXBuildFile; fileRef = E69E19F828968FB300162DD6 /* HomeService.swift */; };
		E69E19FD2896AC8A00162DD6 /* MainViewModel.swift in Sources */ = {isa = PBXBuildFile; fileRef = E69E19FC2896AC8A00162DD6 /* MainViewModel.swift */; };
		E69E19FF2896AD5500162DD6 /* MovieDetailViewModel.swift in Sources */ = {isa = PBXBuildFile; fileRef = E69E19FE2896AD5500162DD6 /* MovieDetailViewModel.swift */; };
		E69E1A012896AD5F00162DD6 /* MovieDetailService.swift in Sources */ = {isa = PBXBuildFile; fileRef = E69E1A002896AD5F00162DD6 /* MovieDetailService.swift */; };
		E69E1A042896C06800162DD6 /* AllReviewViewModel.swift in Sources */ = {isa = PBXBuildFile; fileRef = E69E1A032896C06800162DD6 /* AllReviewViewModel.swift */; };
		E69E1A062896C18800162DD6 /* BubbleReview.swift in Sources */ = {isa = PBXBuildFile; fileRef = E69E1A052896C18800162DD6 /* BubbleReview.swift */; };
		E69E1A092896CF8200162DD6 /* MovieBaseTests.swift in Sources */ = {isa = PBXBuildFile; fileRef = E69E1A082896CF8200162DD6 /* MovieBaseTests.swift */; };
		E69E1A0B2896D1C000162DD6 /* MovieTests.swift in Sources */ = {isa = PBXBuildFile; fileRef = E69E1A0A2896D1C000162DD6 /* MovieTests.swift */; };
		E69E1A0D2896D29200162DD6 /* TVShowTests.swift in Sources */ = {isa = PBXBuildFile; fileRef = E69E1A0C2896D29200162DD6 /* TVShowTests.swift */; };
		E69E1A0F2896D29B00162DD6 /* ReviewTests.swift in Sources */ = {isa = PBXBuildFile; fileRef = E69E1A0E2896D29B00162DD6 /* ReviewTests.swift */; };
		E69E1A122896D49300162DD6 /* APIPathTests.swift in Sources */ = {isa = PBXBuildFile; fileRef = E69E1A112896D49300162DD6 /* APIPathTests.swift */; };
		E69E1A142896D5A300162DD6 /* APIServiceConfigTests.swift in Sources */ = {isa = PBXBuildFile; fileRef = E69E1A132896D5A300162DD6 /* APIServiceConfigTests.swift */; };
		E69E1A162896D6F600162DD6 /* DataTransferServiceTests.swift in Sources */ = {isa = PBXBuildFile; fileRef = E69E1A152896D6F600162DD6 /* DataTransferServiceTests.swift */; };
		E69E1A192896E70400162DD6 /* MockAPIServiceConfig.swift in Sources */ = {isa = PBXBuildFile; fileRef = E69E1A182896E70400162DD6 /* MockAPIServiceConfig.swift */; };
		E69E1A1B2896E76B00162DD6 /* MockAPISessionManager.swift in Sources */ = {isa = PBXBuildFile; fileRef = E69E1A1A2896E76B00162DD6 /* MockAPISessionManager.swift */; };
		E69E1A1D2896EE7500162DD6 /* APIServiceTests.swift in Sources */ = {isa = PBXBuildFile; fileRef = E69E1A1C2896EE7500162DD6 /* APIServiceTests.swift */; };
		E69E1A1F2896EEF200162DD6 /* MockAPIEndpoint.swift in Sources */ = {isa = PBXBuildFile; fileRef = E69E1A1E2896EEF200162DD6 /* MockAPIEndpoint.swift */; };
		E69E1A212896EF0600162DD6 /* MockAPIServiceErrorLogger.swift in Sources */ = {isa = PBXBuildFile; fileRef = E69E1A202896EF0600162DD6 /* MockAPIServiceErrorLogger.swift */; };
		E6AD2408289524CB00D5E356 /* UserListView.swift in Sources */ = {isa = PBXBuildFile; fileRef = E6AD2407289524CB00D5E356 /* UserListView.swift */; };
		E6AD240A28952A3600D5E356 /* SearchViewModel.swift in Sources */ = {isa = PBXBuildFile; fileRef = E6AD240928952A3600D5E356 /* SearchViewModel.swift */; };
		E6AD240C28952FF100D5E356 /* UIApplication+EndEditing.swift in Sources */ = {isa = PBXBuildFile; fileRef = E6AD240B28952FF100D5E356 /* UIApplication+EndEditing.swift */; };
		E6AD240F2895550800D5E356 /* MovieDetailView.swift in Sources */ = {isa = PBXBuildFile; fileRef = E6AD240E2895550800D5E356 /* MovieDetailView.swift */; };
		E6AD2414289579F400D5E356 /* AllReviewView.swift in Sources */ = {isa = PBXBuildFile; fileRef = E6AD2413289579F400D5E356 /* AllReviewView.swift */; };
		E6AD241D28958FA300D5E356 /* APIServiceConfig.swift in Sources */ = {isa = PBXBuildFile; fileRef = E6AD241C28958FA300D5E356 /* APIServiceConfig.swift */; };
		E6AD2421289591CE00D5E356 /* TMDBApp.swift in Sources */ = {isa = PBXBuildFile; fileRef = E6AD2420289591CE00D5E356 /* TMDBApp.swift */; };
		E6AD242328959A3D00D5E356 /* APIConfig.swift in Sources */ = {isa = PBXBuildFile; fileRef = E6AD242228959A3D00D5E356 /* APIConfig.swift */; };
		E6AD242528959BD100D5E356 /* APIEndpoint.swift in Sources */ = {isa = PBXBuildFile; fileRef = E6AD242428959BD100D5E356 /* APIEndpoint.swift */; };
		E6AD242E2895AB8700D5E356 /* DataTransfer.swift in Sources */ = {isa = PBXBuildFile; fileRef = E6AD242D2895AB8700D5E356 /* DataTransfer.swift */; };
		E6AD24302895ABD100D5E356 /* APIService.swift in Sources */ = {isa = PBXBuildFile; fileRef = E6AD242F2895ABD100D5E356 /* APIService.swift */; };
		E6AD24322895AD7D00D5E356 /* PrintDebug.swift in Sources */ = {isa = PBXBuildFile; fileRef = E6AD24312895AD7D00D5E356 /* PrintDebug.swift */; };
		E6AD24392895B49600D5E356 /* APIPath.swift in Sources */ = {isa = PBXBuildFile; fileRef = E6AD24382895B49600D5E356 /* APIPath.swift */; };
		E6AD243B2895B68E00D5E356 /* MovieEndpoints.swift in Sources */ = {isa = PBXBuildFile; fileRef = E6AD243A2895B68E00D5E356 /* MovieEndpoints.swift */; };
		E6AD243D2895B69A00D5E356 /* TVShowEndpoints.swift in Sources */ = {isa = PBXBuildFile; fileRef = E6AD243C2895B69A00D5E356 /* TVShowEndpoints.swift */; };
		E6AD24402895B8F800D5E356 /* MovieRequestDTO.swift in Sources */ = {isa = PBXBuildFile; fileRef = E6AD243F2895B8F800D5E356 /* MovieRequestDTO.swift */; };
		E6AD24422895B95900D5E356 /* MovieResponseDTO.swift in Sources */ = {isa = PBXBuildFile; fileRef = E6AD24412895B95900D5E356 /* MovieResponseDTO.swift */; };
		E6AD24442895BB4800D5E356 /* Movie.swift in Sources */ = {isa = PBXBuildFile; fileRef = E6AD24432895BB4800D5E356 /* Movie.swift */; };
		E6AD24472895BE8700D5E356 /* TVShow.swift in Sources */ = {isa = PBXBuildFile; fileRef = E6AD24462895BE8700D5E356 /* TVShow.swift */; };
		E6AD24492895BFDD00D5E356 /* MovieBase.swift in Sources */ = {isa = PBXBuildFile; fileRef = E6AD24482895BFDD00D5E356 /* MovieBase.swift */; };
		E6AD244B2895C63100D5E356 /* TVShowRequestDTO.swift in Sources */ = {isa = PBXBuildFile; fileRef = E6AD244A2895C63000D5E356 /* TVShowRequestDTO.swift */; };
		E6AD244D2895C63A00D5E356 /* TVShowResponseDTO.swift in Sources */ = {isa = PBXBuildFile; fileRef = E6AD244C2895C63A00D5E356 /* TVShowResponseDTO.swift */; };
		E6AD244F2895C71100D5E356 /* Review.swift in Sources */ = {isa = PBXBuildFile; fileRef = E6AD244E2895C71100D5E356 /* Review.swift */; };
		E6AD24542895C8E600D5E356 /* ReviewRequestDTO.swift in Sources */ = {isa = PBXBuildFile; fileRef = E6AD24532895C8E600D5E356 /* ReviewRequestDTO.swift */; };
		E6AD24562895C8F100D5E356 /* ReviewResponseDTO.swift in Sources */ = {isa = PBXBuildFile; fileRef = E6AD24552895C8F100D5E356 /* ReviewResponseDTO.swift */; };
		E6C44133289380ED00B3E425 /* ActivityIndicator.swift in Sources */ = {isa = PBXBuildFile; fileRef = E6C44132289380ED00B3E425 /* ActivityIndicator.swift */; };
		E6C441372893840100B3E425 /* Shimmer.swift in Sources */ = {isa = PBXBuildFile; fileRef = E6C441362893840100B3E425 /* Shimmer.swift */; };
		E6C4413A289385AB00B3E425 /* Colors.swift in Sources */ = {isa = PBXBuildFile; fileRef = E6C44139289385AB00B3E425 /* Colors.swift */; };
		E6C4413C2893916A00B3E425 /* SearchBar.swift in Sources */ = {isa = PBXBuildFile; fileRef = E6C4413B2893916A00B3E425 /* SearchBar.swift */; };
		E6C4413F2893AF3B00B3E425 /* SDWebImageSwiftUI in Frameworks */ = {isa = PBXBuildFile; productRef = E6C4413E2893AF3B00B3E425 /* SDWebImageSwiftUI */; };
		E6C441412893AFB300B3E425 /* PosterImage.swift in Sources */ = {isa = PBXBuildFile; fileRef = E6C441402893AFB300B3E425 /* PosterImage.swift */; };
		E6C441432893B19900B3E425 /* Fonts.swift in Sources */ = {isa = PBXBuildFile; fileRef = E6C441422893B19900B3E425 /* Fonts.swift */; };
		E6EEBA4C289309A0000B4DAE /* MainView.swift in Sources */ = {isa = PBXBuildFile; fileRef = E6EEBA4B289309A0000B4DAE /* MainView.swift */; };
		E6EEBA4E289309A2000B4DAE /* Assets.xcassets in Resources */ = {isa = PBXBuildFile; fileRef = E6EEBA4D289309A2000B4DAE /* Assets.xcassets */; };
		E6EEBA51289309A2000B4DAE /* Preview Assets.xcassets in Resources */ = {isa = PBXBuildFile; fileRef = E6EEBA50289309A2000B4DAE /* Preview Assets.xcassets */; };
		E6EEBA79289314F2000B4DAE /* Localizable.strings in Resources */ = {isa = PBXBuildFile; fileRef = E6EEBA7B289314F2000B4DAE /* Localizable.strings */; };
		E6EEBA7F28931614000B4DAE /* Wording.swift in Sources */ = {isa = PBXBuildFile; fileRef = E6EEBA7E28931614000B4DAE /* Wording.swift */; };
		E6EEBA8128932035000B4DAE /* WordingKey.swift in Sources */ = {isa = PBXBuildFile; fileRef = E6EEBA8028932035000B4DAE /* WordingKey.swift */; };
		E6EEBA852893212E000B4DAE /* WordingTests.swift in Sources */ = {isa = PBXBuildFile; fileRef = E6EEBA842893212E000B4DAE /* WordingTests.swift */; };
		E6EF77542894D5EF00EBAF42 /* HorizontalSectionList.swift in Sources */ = {isa = PBXBuildFile; fileRef = E6EF77532894D5EF00EBAF42 /* HorizontalSectionList.swift */; };
		E6EF77592894DEC600EBAF42 /* HomeHeader.swift in Sources */ = {isa = PBXBuildFile; fileRef = E6EF77582894DEC600EBAF42 /* HomeHeader.swift */; };
		E6EF775B2894E72400EBAF42 /* BannerAutoScrollable.swift in Sources */ = {isa = PBXBuildFile; fileRef = E6EF775A2894E72400EBAF42 /* BannerAutoScrollable.swift */; };
		E6EF77602894E7C400EBAF42 /* Banner.swift in Sources */ = {isa = PBXBuildFile; fileRef = E6EF775F2894E7C400EBAF42 /* Banner.swift */; };
		E6EF7764289501DD00EBAF42 /* HomeView.swift in Sources */ = {isa = PBXBuildFile; fileRef = E6EF7763289501DD00EBAF42 /* HomeView.swift */; };
		E6EF7766289505DB00EBAF42 /* ProfileView.swift in Sources */ = {isa = PBXBuildFile; fileRef = E6EF7765289505DB00EBAF42 /* ProfileView.swift */; };
		E6EF776C2895229600EBAF42 /* SearchView.swift in Sources */ = {isa = PBXBuildFile; fileRef = E6EF776B2895229600EBAF42 /* SearchView.swift */; };
/* End PBXBuildFile section */

/* Begin PBXContainerItemProxy section */
		E6EEBA57289309A3000B4DAE /* PBXContainerItemProxy */ = {
			isa = PBXContainerItemProxy;
			containerPortal = E6EEBA3E289309A0000B4DAE /* Project object */;
			proxyType = 1;
			remoteGlobalIDString = E6EEBA45289309A0000B4DAE;
			remoteInfo = TMDB;
		};
/* End PBXContainerItemProxy section */

/* Begin PBXFileReference section */
		E69E19E12896290E00162DD6 /* APIServiceState.swift */ = {isa = PBXFileReference; lastKnownFileType = sourcecode.swift; path = APIServiceState.swift; sourceTree = "<group>"; };
		E69E19E528962C9F00162DD6 /* SearchService.swift */ = {isa = PBXFileReference; lastKnownFileType = sourcecode.swift; path = SearchService.swift; sourceTree = "<group>"; };
		E69E19F628968FA400162DD6 /* HomeViewModel.swift */ = {isa = PBXFileReference; lastKnownFileType = sourcecode.swift; path = HomeViewModel.swift; sourceTree = "<group>"; };
		E69E19F828968FB300162DD6 /* HomeService.swift */ = {isa = PBXFileReference; lastKnownFileType = sourcecode.swift; path = HomeService.swift; sourceTree = "<group>"; };
		E69E19FC2896AC8A00162DD6 /* MainViewModel.swift */ = {isa = PBXFileReference; lastKnownFileType = sourcecode.swift; path = MainViewModel.swift; sourceTree = "<group>"; };
		E69E19FE2896AD5500162DD6 /* MovieDetailViewModel.swift */ = {isa = PBXFileReference; lastKnownFileType = sourcecode.swift; path = MovieDetailViewModel.swift; sourceTree = "<group>"; };
		E69E1A002896AD5F00162DD6 /* MovieDetailService.swift */ = {isa = PBXFileReference; lastKnownFileType = sourcecode.swift; path = MovieDetailService.swift; sourceTree = "<group>"; };
		E69E1A032896C06800162DD6 /* AllReviewViewModel.swift */ = {isa = PBXFileReference; lastKnownFileType = sourcecode.swift; path = AllReviewViewModel.swift; sourceTree = "<group>"; };
		E69E1A052896C18800162DD6 /* BubbleReview.swift */ = {isa = PBXFileReference; lastKnownFileType = sourcecode.swift; path = BubbleReview.swift; sourceTree = "<group>"; };
		E69E1A082896CF8200162DD6 /* MovieBaseTests.swift */ = {isa = PBXFileReference; lastKnownFileType = sourcecode.swift; path = MovieBaseTests.swift; sourceTree = "<group>"; };
		E69E1A0A2896D1C000162DD6 /* MovieTests.swift */ = {isa = PBXFileReference; lastKnownFileType = sourcecode.swift; path = MovieTests.swift; sourceTree = "<group>"; };
		E69E1A0C2896D29200162DD6 /* TVShowTests.swift */ = {isa = PBXFileReference; lastKnownFileType = sourcecode.swift; path = TVShowTests.swift; sourceTree = "<group>"; };
		E69E1A0E2896D29B00162DD6 /* ReviewTests.swift */ = {isa = PBXFileReference; lastKnownFileType = sourcecode.swift; path = ReviewTests.swift; sourceTree = "<group>"; };
		E69E1A112896D49300162DD6 /* APIPathTests.swift */ = {isa = PBXFileReference; lastKnownFileType = sourcecode.swift; path = APIPathTests.swift; sourceTree = "<group>"; };
		E69E1A132896D5A300162DD6 /* APIServiceConfigTests.swift */ = {isa = PBXFileReference; lastKnownFileType = sourcecode.swift; path = APIServiceConfigTests.swift; sourceTree = "<group>"; };
		E69E1A152896D6F600162DD6 /* DataTransferServiceTests.swift */ = {isa = PBXFileReference; lastKnownFileType = sourcecode.swift; path = DataTransferServiceTests.swift; sourceTree = "<group>"; };
		E69E1A182896E70400162DD6 /* MockAPIServiceConfig.swift */ = {isa = PBXFileReference; lastKnownFileType = sourcecode.swift; path = MockAPIServiceConfig.swift; sourceTree = "<group>"; };
		E69E1A1A2896E76B00162DD6 /* MockAPISessionManager.swift */ = {isa = PBXFileReference; lastKnownFileType = sourcecode.swift; path = MockAPISessionManager.swift; sourceTree = "<group>"; };
		E69E1A1C2896EE7500162DD6 /* APIServiceTests.swift */ = {isa = PBXFileReference; lastKnownFileType = sourcecode.swift; path = APIServiceTests.swift; sourceTree = "<group>"; };
		E69E1A1E2896EEF200162DD6 /* MockAPIEndpoint.swift */ = {isa = PBXFileReference; lastKnownFileType = sourcecode.swift; path = MockAPIEndpoint.swift; sourceTree = "<group>"; };
		E69E1A202896EF0600162DD6 /* MockAPIServiceErrorLogger.swift */ = {isa = PBXFileReference; lastKnownFileType = sourcecode.swift; path = MockAPIServiceErrorLogger.swift; sourceTree = "<group>"; };
		E6AD2407289524CB00D5E356 /* UserListView.swift */ = {isa = PBXFileReference; fileEncoding = 4; lastKnownFileType = sourcecode.swift; path = UserListView.swift; sourceTree = "<group>"; };
		E6AD240928952A3600D5E356 /* SearchViewModel.swift */ = {isa = PBXFileReference; lastKnownFileType = sourcecode.swift; path = SearchViewModel.swift; sourceTree = "<group>"; };
		E6AD240B28952FF100D5E356 /* UIApplication+EndEditing.swift */ = {isa = PBXFileReference; lastKnownFileType = sourcecode.swift; path = "UIApplication+EndEditing.swift"; sourceTree = "<group>"; };
		E6AD240E2895550800D5E356 /* MovieDetailView.swift */ = {isa = PBXFileReference; lastKnownFileType = sourcecode.swift; path = MovieDetailView.swift; sourceTree = "<group>"; };
		E6AD2413289579F400D5E356 /* AllReviewView.swift */ = {isa = PBXFileReference; lastKnownFileType = sourcecode.swift; path = AllReviewView.swift; sourceTree = "<group>"; };
		E6AD241C28958FA300D5E356 /* APIServiceConfig.swift */ = {isa = PBXFileReference; lastKnownFileType = sourcecode.swift; path = APIServiceConfig.swift; sourceTree = "<group>"; };
		E6AD2420289591CE00D5E356 /* TMDBApp.swift */ = {isa = PBXFileReference; fileEncoding = 4; lastKnownFileType = sourcecode.swift; path = TMDBApp.swift; sourceTree = "<group>"; };
		E6AD242228959A3D00D5E356 /* APIConfig.swift */ = {isa = PBXFileReference; lastKnownFileType = sourcecode.swift; path = APIConfig.swift; sourceTree = "<group>"; };
		E6AD242428959BD100D5E356 /* APIEndpoint.swift */ = {isa = PBXFileReference; lastKnownFileType = sourcecode.swift; path = APIEndpoint.swift; sourceTree = "<group>"; };
		E6AD242D2895AB8700D5E356 /* DataTransfer.swift */ = {isa = PBXFileReference; lastKnownFileType = sourcecode.swift; path = DataTransfer.swift; sourceTree = "<group>"; };
		E6AD242F2895ABD100D5E356 /* APIService.swift */ = {isa = PBXFileReference; lastKnownFileType = sourcecode.swift; path = APIService.swift; sourceTree = "<group>"; };
		E6AD24312895AD7D00D5E356 /* PrintDebug.swift */ = {isa = PBXFileReference; lastKnownFileType = sourcecode.swift; path = PrintDebug.swift; sourceTree = "<group>"; };
		E6AD24382895B49600D5E356 /* APIPath.swift */ = {isa = PBXFileReference; lastKnownFileType = sourcecode.swift; path = APIPath.swift; sourceTree = "<group>"; };
		E6AD243A2895B68E00D5E356 /* MovieEndpoints.swift */ = {isa = PBXFileReference; lastKnownFileType = sourcecode.swift; path = MovieEndpoints.swift; sourceTree = "<group>"; };
		E6AD243C2895B69A00D5E356 /* TVShowEndpoints.swift */ = {isa = PBXFileReference; lastKnownFileType = sourcecode.swift; path = TVShowEndpoints.swift; sourceTree = "<group>"; };
		E6AD243F2895B8F800D5E356 /* MovieRequestDTO.swift */ = {isa = PBXFileReference; lastKnownFileType = sourcecode.swift; path = MovieRequestDTO.swift; sourceTree = "<group>"; };
		E6AD24412895B95900D5E356 /* MovieResponseDTO.swift */ = {isa = PBXFileReference; lastKnownFileType = sourcecode.swift; path = MovieResponseDTO.swift; sourceTree = "<group>"; };
		E6AD24432895BB4800D5E356 /* Movie.swift */ = {isa = PBXFileReference; lastKnownFileType = sourcecode.swift; path = Movie.swift; sourceTree = "<group>"; };
		E6AD24462895BE8700D5E356 /* TVShow.swift */ = {isa = PBXFileReference; lastKnownFileType = sourcecode.swift; path = TVShow.swift; sourceTree = "<group>"; };
		E6AD24482895BFDD00D5E356 /* MovieBase.swift */ = {isa = PBXFileReference; lastKnownFileType = sourcecode.swift; path = MovieBase.swift; sourceTree = "<group>"; };
		E6AD244A2895C63000D5E356 /* TVShowRequestDTO.swift */ = {isa = PBXFileReference; lastKnownFileType = sourcecode.swift; path = TVShowRequestDTO.swift; sourceTree = "<group>"; };
		E6AD244C2895C63A00D5E356 /* TVShowResponseDTO.swift */ = {isa = PBXFileReference; lastKnownFileType = sourcecode.swift; path = TVShowResponseDTO.swift; sourceTree = "<group>"; };
		E6AD244E2895C71100D5E356 /* Review.swift */ = {isa = PBXFileReference; lastKnownFileType = sourcecode.swift; path = Review.swift; sourceTree = "<group>"; };
		E6AD24532895C8E600D5E356 /* ReviewRequestDTO.swift */ = {isa = PBXFileReference; lastKnownFileType = sourcecode.swift; path = ReviewRequestDTO.swift; sourceTree = "<group>"; };
		E6AD24552895C8F100D5E356 /* ReviewResponseDTO.swift */ = {isa = PBXFileReference; lastKnownFileType = sourcecode.swift; path = ReviewResponseDTO.swift; sourceTree = "<group>"; };
		E6C44132289380ED00B3E425 /* ActivityIndicator.swift */ = {isa = PBXFileReference; lastKnownFileType = sourcecode.swift; path = ActivityIndicator.swift; sourceTree = "<group>"; };
		E6C441362893840100B3E425 /* Shimmer.swift */ = {isa = PBXFileReference; lastKnownFileType = sourcecode.swift; path = Shimmer.swift; sourceTree = "<group>"; };
		E6C44139289385AB00B3E425 /* Colors.swift */ = {isa = PBXFileReference; lastKnownFileType = sourcecode.swift; path = Colors.swift; sourceTree = "<group>"; };
		E6C4413B2893916A00B3E425 /* SearchBar.swift */ = {isa = PBXFileReference; lastKnownFileType = sourcecode.swift; path = SearchBar.swift; sourceTree = "<group>"; };
		E6C441402893AFB300B3E425 /* PosterImage.swift */ = {isa = PBXFileReference; lastKnownFileType = sourcecode.swift; path = PosterImage.swift; sourceTree = "<group>"; };
		E6C441422893B19900B3E425 /* Fonts.swift */ = {isa = PBXFileReference; lastKnownFileType = sourcecode.swift; path = Fonts.swift; sourceTree = "<group>"; };
		E6EEBA46289309A0000B4DAE /* TMDB.app */ = {isa = PBXFileReference; explicitFileType = wrapper.application; includeInIndex = 0; path = TMDB.app; sourceTree = BUILT_PRODUCTS_DIR; };
		E6EEBA4B289309A0000B4DAE /* MainView.swift */ = {isa = PBXFileReference; lastKnownFileType = sourcecode.swift; path = MainView.swift; sourceTree = "<group>"; };
		E6EEBA4D289309A2000B4DAE /* Assets.xcassets */ = {isa = PBXFileReference; lastKnownFileType = folder.assetcatalog; path = Assets.xcassets; sourceTree = "<group>"; };
		E6EEBA50289309A2000B4DAE /* Preview Assets.xcassets */ = {isa = PBXFileReference; lastKnownFileType = folder.assetcatalog; path = "Preview Assets.xcassets"; sourceTree = "<group>"; };
		E6EEBA56289309A3000B4DAE /* TMDBTests.xctest */ = {isa = PBXFileReference; explicitFileType = wrapper.cfbundle; includeInIndex = 0; path = TMDBTests.xctest; sourceTree = BUILT_PRODUCTS_DIR; };
		E6EEBA73289309D9000B4DAE /* Info.plist */ = {isa = PBXFileReference; lastKnownFileType = text.plist.xml; path = Info.plist; sourceTree = "<group>"; };
		E6EEBA7A289314F2000B4DAE /* en */ = {isa = PBXFileReference; lastKnownFileType = text.plist.strings; name = en; path = en.lproj/Localizable.strings; sourceTree = "<group>"; };
		E6EEBA7C2893154F000B4DAE /* id */ = {isa = PBXFileReference; lastKnownFileType = text.plist.strings; name = id; path = id.lproj/Localizable.strings; sourceTree = "<group>"; };
		E6EEBA7E28931614000B4DAE /* Wording.swift */ = {isa = PBXFileReference; lastKnownFileType = sourcecode.swift; path = Wording.swift; sourceTree = "<group>"; };
		E6EEBA8028932035000B4DAE /* WordingKey.swift */ = {isa = PBXFileReference; lastKnownFileType = sourcecode.swift; path = WordingKey.swift; sourceTree = "<group>"; };
		E6EEBA842893212E000B4DAE /* WordingTests.swift */ = {isa = PBXFileReference; lastKnownFileType = sourcecode.swift; path = WordingTests.swift; sourceTree = "<group>"; };
		E6EF77532894D5EF00EBAF42 /* HorizontalSectionList.swift */ = {isa = PBXFileReference; lastKnownFileType = sourcecode.swift; path = HorizontalSectionList.swift; sourceTree = "<group>"; };
		E6EF77582894DEC600EBAF42 /* HomeHeader.swift */ = {isa = PBXFileReference; lastKnownFileType = sourcecode.swift; path = HomeHeader.swift; sourceTree = "<group>"; };
		E6EF775A2894E72400EBAF42 /* BannerAutoScrollable.swift */ = {isa = PBXFileReference; lastKnownFileType = sourcecode.swift; path = BannerAutoScrollable.swift; sourceTree = "<group>"; };
		E6EF775F2894E7C400EBAF42 /* Banner.swift */ = {isa = PBXFileReference; lastKnownFileType = sourcecode.swift; path = Banner.swift; sourceTree = "<group>"; };
		E6EF7763289501DD00EBAF42 /* HomeView.swift */ = {isa = PBXFileReference; lastKnownFileType = sourcecode.swift; path = HomeView.swift; sourceTree = "<group>"; };
		E6EF7765289505DB00EBAF42 /* ProfileView.swift */ = {isa = PBXFileReference; lastKnownFileType = sourcecode.swift; path = ProfileView.swift; sourceTree = "<group>"; };
		E6EF776B2895229600EBAF42 /* SearchView.swift */ = {isa = PBXFileReference; lastKnownFileType = sourcecode.swift; path = SearchView.swift; sourceTree = "<group>"; };
/* End PBXFileReference section */

/* Begin PBXFrameworksBuildPhase section */
		E6EEBA43289309A0000B4DAE /* Frameworks */ = {
			isa = PBXFrameworksBuildPhase;
			buildActionMask = 2147483647;
			files = (
				E6C4413F2893AF3B00B3E425 /* SDWebImageSwiftUI in Frameworks */,
			);
			runOnlyForDeploymentPostprocessing = 0;
		};
		E6EEBA53289309A3000B4DAE /* Frameworks */ = {
			isa = PBXFrameworksBuildPhase;
			buildActionMask = 2147483647;
			files = (
			);
			runOnlyForDeploymentPostprocessing = 0;
		};
/* End PBXFrameworksBuildPhase section */

/* Begin PBXGroup section */
		E69E19E428962C8500162DD6 /* Search */ = {
			isa = PBXGroup;
			children = (
				E69E19E528962C9F00162DD6 /* SearchService.swift */,
				E6AD240928952A3600D5E356 /* SearchViewModel.swift */,
			);
			path = Search;
			sourceTree = "<group>";
		};
		E69E19EB2896781B00162DD6 /* Home */ = {
			isa = PBXGroup;
			children = (
				E69E19F828968FB300162DD6 /* HomeService.swift */,
				E69E19F628968FA400162DD6 /* HomeViewModel.swift */,
			);
			path = Home;
			sourceTree = "<group>";
		};
		E69E19FA2896AC5C00162DD6 /* MovieDetail */ = {
			isa = PBXGroup;
			children = (
				E69E1A002896AD5F00162DD6 /* MovieDetailService.swift */,
				E69E19FE2896AD5500162DD6 /* MovieDetailViewModel.swift */,
			);
			path = MovieDetail;
			sourceTree = "<group>";
		};
		E69E19FB2896AC7600162DD6 /* Main */ = {
			isa = PBXGroup;
			children = (
				E69E19FC2896AC8A00162DD6 /* MainViewModel.swift */,
			);
			path = Main;
			sourceTree = "<group>";
		};
		E69E1A022896C04F00162DD6 /* AllReview */ = {
			isa = PBXGroup;
			children = (
				E69E1A032896C06800162DD6 /* AllReviewViewModel.swift */,
			);
			path = AllReview;
			sourceTree = "<group>";
		};
		E69E1A072896CF6B00162DD6 /* Entity */ = {
			isa = PBXGroup;
			children = (
				E69E1A082896CF8200162DD6 /* MovieBaseTests.swift */,
				E69E1A0A2896D1C000162DD6 /* MovieTests.swift */,
				E69E1A0E2896D29B00162DD6 /* ReviewTests.swift */,
				E69E1A0C2896D29200162DD6 /* TVShowTests.swift */,
			);
			path = Entity;
			sourceTree = "<group>";
		};
		E69E1A102896D46F00162DD6 /* Service */ = {
			isa = PBXGroup;
			children = (
				E69E1A112896D49300162DD6 /* APIPathTests.swift */,
				E69E1A132896D5A300162DD6 /* APIServiceConfigTests.swift */,
				E69E1A1C2896EE7500162DD6 /* APIServiceTests.swift */,
				E69E1A152896D6F600162DD6 /* DataTransferServiceTests.swift */,
				E69E1A172896E6E900162DD6 /* Mock */,
			);
			path = Service;
			sourceTree = "<group>";
		};
		E69E1A172896E6E900162DD6 /* Mock */ = {
			isa = PBXGroup;
			children = (
				E69E1A1E2896EEF200162DD6 /* MockAPIEndpoint.swift */,
				E69E1A182896E70400162DD6 /* MockAPIServiceConfig.swift */,
				E69E1A202896EF0600162DD6 /* MockAPIServiceErrorLogger.swift */,
				E69E1A1A2896E76B00162DD6 /* MockAPISessionManager.swift */,
			);
			path = Mock;
			sourceTree = "<group>";
		};
		E6AD2406289524CB00D5E356 /* UserList */ = {
			isa = PBXGroup;
			children = (
				E6AD2407289524CB00D5E356 /* UserListView.swift */,
			);
			path = UserList;
			sourceTree = "<group>";
		};
		E6AD240D289554D900D5E356 /* MovieDetail */ = {
			isa = PBXGroup;
			children = (
				E6AD240E2895550800D5E356 /* MovieDetailView.swift */,
			);
			path = MovieDetail;
			sourceTree = "<group>";
		};
		E6AD2412289579D700D5E356 /* AllReview */ = {
			isa = PBXGroup;
			children = (
				E6AD2413289579F400D5E356 /* AllReviewView.swift */,
			);
			path = AllReview;
			sourceTree = "<group>";
		};
		E6AD241528958A3B00D5E356 /* Extension */ = {
			isa = PBXGroup;
			children = (
				E6C44139289385AB00B3E425 /* Colors.swift */,
				E6C441422893B19900B3E425 /* Fonts.swift */,
				E6AD240B28952FF100D5E356 /* UIApplication+EndEditing.swift */,
			);
			path = Extension;
			sourceTree = "<group>";
		};
		E6AD241628958A6900D5E356 /* Util */ = {
			isa = PBXGroup;
			children = (
				E6C44131289380B700B3E425 /* Component */,
				E6AD241528958A3B00D5E356 /* Extension */,
				E6EEBA7D289315F2000B4DAE /* Resource */,
			);
			path = Util;
			sourceTree = "<group>";
		};
		E6AD241828958E5700D5E356 /* ViewModel */ = {
			isa = PBXGroup;
			children = (
				E69E19E12896290E00162DD6 /* APIServiceState.swift */,
				E69E1A022896C04F00162DD6 /* AllReview */,
				E69E19EB2896781B00162DD6 /* Home */,
				E69E19FB2896AC7600162DD6 /* Main */,
				E69E19FA2896AC5C00162DD6 /* MovieDetail */,
				E69E19E428962C8500162DD6 /* Search */,
			);
			path = ViewModel;
			sourceTree = "<group>";
		};
		E6AD241928958E8700D5E356 /* Entity */ = {
			isa = PBXGroup;
			children = (
				E6AD24432895BB4800D5E356 /* Movie.swift */,
				E6AD24482895BFDD00D5E356 /* MovieBase.swift */,
				E6AD244E2895C71100D5E356 /* Review.swift */,
				E6AD24462895BE8700D5E356 /* TVShow.swift */,
			);
			path = Entity;
			sourceTree = "<group>";
		};
		E6AD241A28958EA100D5E356 /* Service */ = {
			isa = PBXGroup;
			children = (
				E6AD24352895B3D400D5E356 /* Request */,
				E6AD24342895B3BE00D5E356 /* Service */,
				E6AD24332895B20E00D5E356 /* Helper */,
			);
			path = Service;
			sourceTree = "<group>";
		};
		E6AD241F289591C300D5E356 /* App */ = {
			isa = PBXGroup;
			children = (
				E6AD2420289591CE00D5E356 /* TMDBApp.swift */,
			);
			path = App;
			sourceTree = "<group>";
		};
		E6AD24332895B20E00D5E356 /* Helper */ = {
			isa = PBXGroup;
			children = (
				E6AD24312895AD7D00D5E356 /* PrintDebug.swift */,
			);
			path = Helper;
			sourceTree = "<group>";
		};
		E6AD24342895B3BE00D5E356 /* Service */ = {
			isa = PBXGroup;
			children = (
				E6AD242228959A3D00D5E356 /* APIConfig.swift */,
				E6AD242428959BD100D5E356 /* APIEndpoint.swift */,
				E6AD24382895B49600D5E356 /* APIPath.swift */,
				E6AD242F2895ABD100D5E356 /* APIService.swift */,
				E6AD241C28958FA300D5E356 /* APIServiceConfig.swift */,
				E6AD242D2895AB8700D5E356 /* DataTransfer.swift */,
			);
			path = Service;
			sourceTree = "<group>";
		};
		E6AD24352895B3D400D5E356 /* Request */ = {
			isa = PBXGroup;
			children = (
				E6AD243A2895B68E00D5E356 /* MovieEndpoints.swift */,
				E6AD243C2895B69A00D5E356 /* TVShowEndpoints.swift */,
				E6AD243E2895B8D300D5E356 /* MovieDTO */,
				E6AD24522895C8D300D5E356 /* ReviewDTO */,
				E6AD24452895BE6200D5E356 /* TVShowDTO */,
			);
			path = Request;
			sourceTree = "<group>";
		};
		E6AD243E2895B8D300D5E356 /* MovieDTO */ = {
			isa = PBXGroup;
			children = (
				E6AD243F2895B8F800D5E356 /* MovieRequestDTO.swift */,
				E6AD24412895B95900D5E356 /* MovieResponseDTO.swift */,
			);
			path = MovieDTO;
			sourceTree = "<group>";
		};
		E6AD24452895BE6200D5E356 /* TVShowDTO */ = {
			isa = PBXGroup;
			children = (
				E6AD244A2895C63000D5E356 /* TVShowRequestDTO.swift */,
				E6AD244C2895C63A00D5E356 /* TVShowResponseDTO.swift */,
			);
			path = TVShowDTO;
			sourceTree = "<group>";
		};
		E6AD24522895C8D300D5E356 /* ReviewDTO */ = {
			isa = PBXGroup;
			children = (
				E6AD24532895C8E600D5E356 /* ReviewRequestDTO.swift */,
				E6AD24552895C8F100D5E356 /* ReviewResponseDTO.swift */,
			);
			path = ReviewDTO;
			sourceTree = "<group>";
		};
		E6C44131289380B700B3E425 /* Component */ = {
			isa = PBXGroup;
			children = (
				E6C44132289380ED00B3E425 /* ActivityIndicator.swift */,
				E6EF775F2894E7C400EBAF42 /* Banner.swift */,
				E6EF775A2894E72400EBAF42 /* BannerAutoScrollable.swift */,
				E69E1A052896C18800162DD6 /* BubbleReview.swift */,
				E6EF77582894DEC600EBAF42 /* HomeHeader.swift */,
				E6EF77532894D5EF00EBAF42 /* HorizontalSectionList.swift */,
				E6C441402893AFB300B3E425 /* PosterImage.swift */,
				E6C4413B2893916A00B3E425 /* SearchBar.swift */,
				E6C441362893840100B3E425 /* Shimmer.swift */,
			);
			path = Component;
			sourceTree = "<group>";
		};
		E6C441382893859900B3E425 /* Wording */ = {
			isa = PBXGroup;
			children = (
				E6EEBA7B289314F2000B4DAE /* Localizable.strings */,
				E6EEBA8028932035000B4DAE /* WordingKey.swift */,
				E6EEBA7E28931614000B4DAE /* Wording.swift */,
			);
			path = Wording;
			sourceTree = "<group>";
		};
		E6EEBA3D289309A0000B4DAE = {
			isa = PBXGroup;
			children = (
				E6EEBA48289309A0000B4DAE /* TMDB */,
				E6EEBA59289309A3000B4DAE /* TMDBTests */,
				E6EEBA47289309A0000B4DAE /* Products */,
			);
			sourceTree = "<group>";
		};
		E6EEBA47289309A0000B4DAE /* Products */ = {
			isa = PBXGroup;
			children = (
				E6EEBA46289309A0000B4DAE /* TMDB.app */,
				E6EEBA56289309A3000B4DAE /* TMDBTests.xctest */,
			);
			name = Products;
			sourceTree = "<group>";
		};
		E6EEBA48289309A0000B4DAE /* TMDB */ = {
			isa = PBXGroup;
			children = (
				E6AD241F289591C300D5E356 /* App */,
				E6AD241928958E8700D5E356 /* Entity */,
				E6EEBA4F289309A2000B4DAE /* Preview Content */,
				E6EEBA75289313B2000B4DAE /* Resources */,
				E6AD241A28958EA100D5E356 /* Service */,
				E6EEBA76289313D3000B4DAE /* View */,
				E6AD241828958E5700D5E356 /* ViewModel */,
			);
			path = TMDB;
			sourceTree = "<group>";
		};
		E6EEBA4F289309A2000B4DAE /* Preview Content */ = {
			isa = PBXGroup;
			children = (
				E6EEBA50289309A2000B4DAE /* Preview Assets.xcassets */,
			);
			path = "Preview Content";
			sourceTree = "<group>";
		};
		E6EEBA59289309A3000B4DAE /* TMDBTests */ = {
			isa = PBXGroup;
			children = (
				E69E1A072896CF6B00162DD6 /* Entity */,
				E69E1A102896D46F00162DD6 /* Service */,
				E6EEBA822893210F000B4DAE /* View */,
			);
			path = TMDBTests;
			sourceTree = "<group>";
		};
		E6EEBA75289313B2000B4DAE /* Resources */ = {
			isa = PBXGroup;
			children = (
				E6EEBA4D289309A2000B4DAE /* Assets.xcassets */,
				E6EEBA73289309D9000B4DAE /* Info.plist */,
			);
			path = Resources;
			sourceTree = "<group>";
		};
		E6EEBA76289313D3000B4DAE /* View */ = {
			isa = PBXGroup;
			children = (
				E6AD2412289579D700D5E356 /* AllReview */,
				E6EF77672895220700EBAF42 /* Home */,
				E6EF77692895223100EBAF42 /* Main */,
				E6AD240D289554D900D5E356 /* MovieDetail */,
				E6EF77682895220D00EBAF42 /* Profile */,
				E6EF776A2895228700EBAF42 /* Search */,
				E6AD2406289524CB00D5E356 /* UserList */,
				E6AD241628958A6900D5E356 /* Util */,
			);
			path = View;
			sourceTree = "<group>";
		};
		E6EEBA7D289315F2000B4DAE /* Resource */ = {
			isa = PBXGroup;
			children = (
				E6C441382893859900B3E425 /* Wording */,
			);
			path = Resource;
			sourceTree = "<group>";
		};
		E6EEBA822893210F000B4DAE /* View */ = {
			isa = PBXGroup;
			children = (
				E6EEBA832893211C000B4DAE /* Wording */,
			);
			path = View;
			sourceTree = "<group>";
		};
		E6EEBA832893211C000B4DAE /* Wording */ = {
			isa = PBXGroup;
			children = (
				E6EEBA842893212E000B4DAE /* WordingTests.swift */,
			);
			path = Wording;
			sourceTree = "<group>";
		};
		E6EF77672895220700EBAF42 /* Home */ = {
			isa = PBXGroup;
			children = (
				E6EF7763289501DD00EBAF42 /* HomeView.swift */,
			);
			path = Home;
			sourceTree = "<group>";
		};
		E6EF77682895220D00EBAF42 /* Profile */ = {
			isa = PBXGroup;
			children = (
				E6EF7765289505DB00EBAF42 /* ProfileView.swift */,
			);
			path = Profile;
			sourceTree = "<group>";
		};
		E6EF77692895223100EBAF42 /* Main */ = {
			isa = PBXGroup;
			children = (
				E6EEBA4B289309A0000B4DAE /* MainView.swift */,
			);
			path = Main;
			sourceTree = "<group>";
		};
		E6EF776A2895228700EBAF42 /* Search */ = {
			isa = PBXGroup;
			children = (
				E6EF776B2895229600EBAF42 /* SearchView.swift */,
			);
			path = Search;
			sourceTree = "<group>";
		};
/* End PBXGroup section */

/* Begin PBXNativeTarget section */
		E6EEBA45289309A0000B4DAE /* TMDB */ = {
			isa = PBXNativeTarget;
			buildConfigurationList = E6EEBA6A289309A3000B4DAE /* Build configuration list for PBXNativeTarget "TMDB" */;
			buildPhases = (
				E6EEBA42289309A0000B4DAE /* Sources */,
				E6EEBA43289309A0000B4DAE /* Frameworks */,
				E6EEBA44289309A0000B4DAE /* Resources */,
			);
			buildRules = (
			);
			dependencies = (
			);
			name = TMDB;
			packageProductDependencies = (
				E6C4413E2893AF3B00B3E425 /* SDWebImageSwiftUI */,
			);
			productName = TMDB;
			productReference = E6EEBA46289309A0000B4DAE /* TMDB.app */;
			productType = "com.apple.product-type.application";
		};
		E6EEBA55289309A3000B4DAE /* TMDBTests */ = {
			isa = PBXNativeTarget;
			buildConfigurationList = E6EEBA6D289309A3000B4DAE /* Build configuration list for PBXNativeTarget "TMDBTests" */;
			buildPhases = (
				E6EEBA52289309A3000B4DAE /* Sources */,
				E6EEBA53289309A3000B4DAE /* Frameworks */,
				E6EEBA54289309A3000B4DAE /* Resources */,
			);
			buildRules = (
			);
			dependencies = (
				E6EEBA58289309A3000B4DAE /* PBXTargetDependency */,
			);
			name = TMDBTests;
			productName = TMDBTests;
			productReference = E6EEBA56289309A3000B4DAE /* TMDBTests.xctest */;
			productType = "com.apple.product-type.bundle.unit-test";
		};
/* End PBXNativeTarget section */

/* Begin PBXProject section */
		E6EEBA3E289309A0000B4DAE /* Project object */ = {
			isa = PBXProject;
			attributes = {
				BuildIndependentTargetsInParallel = 1;
				LastSwiftUpdateCheck = 1340;
				LastUpgradeCheck = 1340;
				TargetAttributes = {
					E6EEBA45289309A0000B4DAE = {
						CreatedOnToolsVersion = 13.4.1;
					};
					E6EEBA55289309A3000B4DAE = {
						CreatedOnToolsVersion = 13.4.1;
						TestTargetID = E6EEBA45289309A0000B4DAE;
					};
				};
			};
			buildConfigurationList = E6EEBA41289309A0000B4DAE /* Build configuration list for PBXProject "TMDB" */;
			compatibilityVersion = "Xcode 13.0";
			developmentRegion = en;
			hasScannedForEncodings = 0;
			knownRegions = (
				en,
				id,
			);
			mainGroup = E6EEBA3D289309A0000B4DAE;
			packageReferences = (
				E6C4413D2893AF3B00B3E425 /* XCRemoteSwiftPackageReference "SDWebImageSwiftUI" */,
			);
			productRefGroup = E6EEBA47289309A0000B4DAE /* Products */;
			projectDirPath = "";
			projectRoot = "";
			targets = (
				E6EEBA45289309A0000B4DAE /* TMDB */,
				E6EEBA55289309A3000B4DAE /* TMDBTests */,
			);
		};
/* End PBXProject section */

/* Begin PBXResourcesBuildPhase section */
		E6EEBA44289309A0000B4DAE /* Resources */ = {
			isa = PBXResourcesBuildPhase;
			buildActionMask = 2147483647;
			files = (
				E6EEBA51289309A2000B4DAE /* Preview Assets.xcassets in Resources */,
				E6EEBA79289314F2000B4DAE /* Localizable.strings in Resources */,
				E6EEBA4E289309A2000B4DAE /* Assets.xcassets in Resources */,
			);
			runOnlyForDeploymentPostprocessing = 0;
		};
		E6EEBA54289309A3000B4DAE /* Resources */ = {
			isa = PBXResourcesBuildPhase;
			buildActionMask = 2147483647;
			files = (
			);
			runOnlyForDeploymentPostprocessing = 0;
		};
/* End PBXResourcesBuildPhase section */

/* Begin PBXSourcesBuildPhase section */
		E6EEBA42289309A0000B4DAE /* Sources */ = {
			isa = PBXSourcesBuildPhase;
			buildActionMask = 2147483647;
			files = (
				E6AD243B2895B68E00D5E356 /* MovieEndpoints.swift in Sources */,
				E6EF776C2895229600EBAF42 /* SearchView.swift in Sources */,
				E6AD240C28952FF100D5E356 /* UIApplication+EndEditing.swift in Sources */,
				E69E19F728968FA400162DD6 /* HomeViewModel.swift in Sources */,
				E6AD24422895B95900D5E356 /* MovieResponseDTO.swift in Sources */,
				E6AD24302895ABD100D5E356 /* APIService.swift in Sources */,
				E69E19FF2896AD5500162DD6 /* MovieDetailViewModel.swift in Sources */,
				E69E1A012896AD5F00162DD6 /* MovieDetailService.swift in Sources */,
				E6AD24562895C8F100D5E356 /* ReviewResponseDTO.swift in Sources */,
				E6EF775B2894E72400EBAF42 /* BannerAutoScrollable.swift in Sources */,
				E6C441412893AFB300B3E425 /* PosterImage.swift in Sources */,
				E6EEBA7F28931614000B4DAE /* Wording.swift in Sources */,
				E6AD242528959BD100D5E356 /* APIEndpoint.swift in Sources */,
				E6AD241D28958FA300D5E356 /* APIServiceConfig.swift in Sources */,
				E6C4413A289385AB00B3E425 /* Colors.swift in Sources */,
				E6AD242E2895AB8700D5E356 /* DataTransfer.swift in Sources */,
				E6EEBA4C289309A0000B4DAE /* MainView.swift in Sources */,
				E6AD24442895BB4800D5E356 /* Movie.swift in Sources */,
				E6AD242328959A3D00D5E356 /* APIConfig.swift in Sources */,
				E6AD24402895B8F800D5E356 /* MovieRequestDTO.swift in Sources */,
				E6EF77542894D5EF00EBAF42 /* HorizontalSectionList.swift in Sources */,
				E6C441372893840100B3E425 /* Shimmer.swift in Sources */,
				E6AD24392895B49600D5E356 /* APIPath.swift in Sources */,
				E69E19FD2896AC8A00162DD6 /* MainViewModel.swift in Sources */,
				E6EF7764289501DD00EBAF42 /* HomeView.swift in Sources */,
				E6AD24322895AD7D00D5E356 /* PrintDebug.swift in Sources */,
				E6C4413C2893916A00B3E425 /* SearchBar.swift in Sources */,
				E6AD2408289524CB00D5E356 /* UserListView.swift in Sources */,
				E69E19E628962C9F00162DD6 /* SearchService.swift in Sources */,
				E69E1A062896C18800162DD6 /* BubbleReview.swift in Sources */,
				E69E19F928968FB300162DD6 /* HomeService.swift in Sources */,
				E6EEBA8128932035000B4DAE /* WordingKey.swift in Sources */,
				E6AD244F2895C71100D5E356 /* Review.swift in Sources */,
				E6C441432893B19900B3E425 /* Fonts.swift in Sources */,
				E69E1A042896C06800162DD6 /* AllReviewViewModel.swift in Sources */,
				E6AD244B2895C63100D5E356 /* TVShowRequestDTO.swift in Sources */,
				E6AD24542895C8E600D5E356 /* ReviewRequestDTO.swift in Sources */,
				E6AD24472895BE8700D5E356 /* TVShow.swift in Sources */,
				E6AD244D2895C63A00D5E356 /* TVShowResponseDTO.swift in Sources */,
				E6AD2421289591CE00D5E356 /* TMDBApp.swift in Sources */,
				E6AD240A28952A3600D5E356 /* SearchViewModel.swift in Sources */,
				E6EF77592894DEC600EBAF42 /* HomeHeader.swift in Sources */,
				E6AD24492895BFDD00D5E356 /* MovieBase.swift in Sources */,
				E6EF77602894E7C400EBAF42 /* Banner.swift in Sources */,
				E6EF7766289505DB00EBAF42 /* ProfileView.swift in Sources */,
				E6AD2414289579F400D5E356 /* AllReviewView.swift in Sources */,
				E6AD240F2895550800D5E356 /* MovieDetailView.swift in Sources */,
				E69E19E22896290E00162DD6 /* APIServiceState.swift in Sources */,
				E6AD243D2895B69A00D5E356 /* TVShowEndpoints.swift in Sources */,
				E6C44133289380ED00B3E425 /* ActivityIndicator.swift in Sources */,
			);
			runOnlyForDeploymentPostprocessing = 0;
		};
		E6EEBA52289309A3000B4DAE /* Sources */ = {
			isa = PBXSourcesBuildPhase;
			buildActionMask = 2147483647;
			files = (
				E6EEBA852893212E000B4DAE /* WordingTests.swift in Sources */,
				E69E1A092896CF8200162DD6 /* MovieBaseTests.swift in Sources */,
				E69E1A0D2896D29200162DD6 /* TVShowTests.swift in Sources */,
				E69E1A1D2896EE7500162DD6 /* APIServiceTests.swift in Sources */,
				E69E1A212896EF0600162DD6 /* MockAPIServiceErrorLogger.swift in Sources */,
				E69E1A1B2896E76B00162DD6 /* MockAPISessionManager.swift in Sources */,
				E69E1A0B2896D1C000162DD6 /* MovieTests.swift in Sources */,
				E69E1A162896D6F600162DD6 /* DataTransferServiceTests.swift in Sources */,
				E69E1A0F2896D29B00162DD6 /* ReviewTests.swift in Sources */,
				E69E1A192896E70400162DD6 /* MockAPIServiceConfig.swift in Sources */,
				E69E1A1F2896EEF200162DD6 /* MockAPIEndpoint.swift in Sources */,
				E69E1A142896D5A300162DD6 /* APIServiceConfigTests.swift in Sources */,
				E69E1A122896D49300162DD6 /* APIPathTests.swift in Sources */,
			);
			runOnlyForDeploymentPostprocessing = 0;
		};
/* End PBXSourcesBuildPhase section */

/* Begin PBXTargetDependency section */
		E6EEBA58289309A3000B4DAE /* PBXTargetDependency */ = {
			isa = PBXTargetDependency;
			target = E6EEBA45289309A0000B4DAE /* TMDB */;
			targetProxy = E6EEBA57289309A3000B4DAE /* PBXContainerItemProxy */;
		};
/* End PBXTargetDependency section */

/* Begin PBXVariantGroup section */
		E6EEBA7B289314F2000B4DAE /* Localizable.strings */ = {
			isa = PBXVariantGroup;
			children = (
				E6EEBA7A289314F2000B4DAE /* en */,
				E6EEBA7C2893154F000B4DAE /* id */,
			);
			name = Localizable.strings;
			sourceTree = "<group>";
		};
/* End PBXVariantGroup section */

/* Begin XCBuildConfiguration section */
		E6EEBA68289309A3000B4DAE /* Debug */ = {
			isa = XCBuildConfiguration;
			buildSettings = {
				ALWAYS_SEARCH_USER_PATHS = NO;
				CLANG_ANALYZER_LOCALIZABILITY_NONLOCALIZED = YES;
				CLANG_ANALYZER_NONNULL = YES;
				CLANG_ANALYZER_NUMBER_OBJECT_CONVERSION = YES_AGGRESSIVE;
				CLANG_CXX_LANGUAGE_STANDARD = "gnu++17";
				CLANG_ENABLE_MODULES = YES;
				CLANG_ENABLE_OBJC_ARC = YES;
				CLANG_ENABLE_OBJC_WEAK = YES;
				CLANG_WARN_BLOCK_CAPTURE_AUTORELEASING = YES;
				CLANG_WARN_BOOL_CONVERSION = YES;
				CLANG_WARN_COMMA = YES;
				CLANG_WARN_CONSTANT_CONVERSION = YES;
				CLANG_WARN_DEPRECATED_OBJC_IMPLEMENTATIONS = YES;
				CLANG_WARN_DIRECT_OBJC_ISA_USAGE = YES_ERROR;
				CLANG_WARN_DOCUMENTATION_COMMENTS = YES;
				CLANG_WARN_EMPTY_BODY = YES;
				CLANG_WARN_ENUM_CONVERSION = YES;
				CLANG_WARN_INFINITE_RECURSION = YES;
				CLANG_WARN_INT_CONVERSION = YES;
				CLANG_WARN_NON_LITERAL_NULL_CONVERSION = YES;
				CLANG_WARN_OBJC_IMPLICIT_RETAIN_SELF = YES;
				CLANG_WARN_OBJC_LITERAL_CONVERSION = YES;
				CLANG_WARN_OBJC_ROOT_CLASS = YES_ERROR;
				CLANG_WARN_QUOTED_INCLUDE_IN_FRAMEWORK_HEADER = YES;
				CLANG_WARN_RANGE_LOOP_ANALYSIS = YES;
				CLANG_WARN_STRICT_PROTOTYPES = YES;
				CLANG_WARN_SUSPICIOUS_MOVE = YES;
				CLANG_WARN_UNGUARDED_AVAILABILITY = YES_AGGRESSIVE;
				CLANG_WARN_UNREACHABLE_CODE = YES;
				CLANG_WARN__DUPLICATE_METHOD_MATCH = YES;
				COPY_PHASE_STRIP = NO;
				DEBUG_INFORMATION_FORMAT = dwarf;
				ENABLE_STRICT_OBJC_MSGSEND = YES;
				ENABLE_TESTABILITY = YES;
				GCC_C_LANGUAGE_STANDARD = gnu11;
				GCC_DYNAMIC_NO_PIC = NO;
				GCC_NO_COMMON_BLOCKS = YES;
				GCC_OPTIMIZATION_LEVEL = 0;
				GCC_PREPROCESSOR_DEFINITIONS = (
					"DEBUG=1",
					"$(inherited)",
				);
				GCC_WARN_64_TO_32_BIT_CONVERSION = YES;
				GCC_WARN_ABOUT_RETURN_TYPE = YES_ERROR;
				GCC_WARN_UNDECLARED_SELECTOR = YES;
				GCC_WARN_UNINITIALIZED_AUTOS = YES_AGGRESSIVE;
				GCC_WARN_UNUSED_FUNCTION = YES;
				GCC_WARN_UNUSED_VARIABLE = YES;
				IPHONEOS_DEPLOYMENT_TARGET = 14.0;
				MTL_ENABLE_DEBUG_INFO = INCLUDE_SOURCE;
				MTL_FAST_MATH = YES;
				ONLY_ACTIVE_ARCH = YES;
				SDKROOT = iphoneos;
				SWIFT_ACTIVE_COMPILATION_CONDITIONS = DEBUG;
				SWIFT_OPTIMIZATION_LEVEL = "-Onone";
			};
			name = Debug;
		};
		E6EEBA69289309A3000B4DAE /* Release */ = {
			isa = XCBuildConfiguration;
			buildSettings = {
				ALWAYS_SEARCH_USER_PATHS = NO;
				CLANG_ANALYZER_LOCALIZABILITY_NONLOCALIZED = YES;
				CLANG_ANALYZER_NONNULL = YES;
				CLANG_ANALYZER_NUMBER_OBJECT_CONVERSION = YES_AGGRESSIVE;
				CLANG_CXX_LANGUAGE_STANDARD = "gnu++17";
				CLANG_ENABLE_MODULES = YES;
				CLANG_ENABLE_OBJC_ARC = YES;
				CLANG_ENABLE_OBJC_WEAK = YES;
				CLANG_WARN_BLOCK_CAPTURE_AUTORELEASING = YES;
				CLANG_WARN_BOOL_CONVERSION = YES;
				CLANG_WARN_COMMA = YES;
				CLANG_WARN_CONSTANT_CONVERSION = YES;
				CLANG_WARN_DEPRECATED_OBJC_IMPLEMENTATIONS = YES;
				CLANG_WARN_DIRECT_OBJC_ISA_USAGE = YES_ERROR;
				CLANG_WARN_DOCUMENTATION_COMMENTS = YES;
				CLANG_WARN_EMPTY_BODY = YES;
				CLANG_WARN_ENUM_CONVERSION = YES;
				CLANG_WARN_INFINITE_RECURSION = YES;
				CLANG_WARN_INT_CONVERSION = YES;
				CLANG_WARN_NON_LITERAL_NULL_CONVERSION = YES;
				CLANG_WARN_OBJC_IMPLICIT_RETAIN_SELF = YES;
				CLANG_WARN_OBJC_LITERAL_CONVERSION = YES;
				CLANG_WARN_OBJC_ROOT_CLASS = YES_ERROR;
				CLANG_WARN_QUOTED_INCLUDE_IN_FRAMEWORK_HEADER = YES;
				CLANG_WARN_RANGE_LOOP_ANALYSIS = YES;
				CLANG_WARN_STRICT_PROTOTYPES = YES;
				CLANG_WARN_SUSPICIOUS_MOVE = YES;
				CLANG_WARN_UNGUARDED_AVAILABILITY = YES_AGGRESSIVE;
				CLANG_WARN_UNREACHABLE_CODE = YES;
				CLANG_WARN__DUPLICATE_METHOD_MATCH = YES;
				COPY_PHASE_STRIP = NO;
				DEBUG_INFORMATION_FORMAT = "dwarf-with-dsym";
				ENABLE_NS_ASSERTIONS = NO;
				ENABLE_STRICT_OBJC_MSGSEND = YES;
				GCC_C_LANGUAGE_STANDARD = gnu11;
				GCC_NO_COMMON_BLOCKS = YES;
				GCC_WARN_64_TO_32_BIT_CONVERSION = YES;
				GCC_WARN_ABOUT_RETURN_TYPE = YES_ERROR;
				GCC_WARN_UNDECLARED_SELECTOR = YES;
				GCC_WARN_UNINITIALIZED_AUTOS = YES_AGGRESSIVE;
				GCC_WARN_UNUSED_FUNCTION = YES;
				GCC_WARN_UNUSED_VARIABLE = YES;
				IPHONEOS_DEPLOYMENT_TARGET = 14.0;
				MTL_ENABLE_DEBUG_INFO = NO;
				MTL_FAST_MATH = YES;
				SDKROOT = iphoneos;
				SWIFT_COMPILATION_MODE = wholemodule;
				SWIFT_OPTIMIZATION_LEVEL = "-O";
				VALIDATE_PRODUCT = YES;
			};
			name = Release;
		};
		E6EEBA6B289309A3000B4DAE /* Debug */ = {
			isa = XCBuildConfiguration;
			buildSettings = {
				ASSETCATALOG_COMPILER_APPICON_NAME = AppIcon;
				ASSETCATALOG_COMPILER_GLOBAL_ACCENT_COLOR_NAME = AccentColor;
				CODE_SIGN_STYLE = Automatic;
				CURRENT_PROJECT_VERSION = 1;
				DEVELOPMENT_ASSET_PATHS = "\"TMDB/Preview Content\"";
				DEVELOPMENT_TEAM = ZNSUAA9FB3;
				ENABLE_PREVIEWS = YES;
				GENERATE_INFOPLIST_FILE = YES;
				INFOPLIST_FILE = TMDB/Resources/Info.plist;
				INFOPLIST_KEY_UIApplicationSceneManifest_Generation = YES;
				INFOPLIST_KEY_UIApplicationSupportsIndirectInputEvents = YES;
				INFOPLIST_KEY_UISupportedInterfaceOrientations = "UIInterfaceOrientationPortrait UIInterfaceOrientationLandscapeLeft UIInterfaceOrientationLandscapeRight";
				INFOPLIST_KEY_UISupportedInterfaceOrientations_iPad = "UIInterfaceOrientationPortrait UIInterfaceOrientationPortraitUpsideDown UIInterfaceOrientationLandscapeLeft UIInterfaceOrientationLandscapeRight";
				INFOPLIST_KEY_UISupportedInterfaceOrientations_iPhone = "UIInterfaceOrientationPortrait UIInterfaceOrientationLandscapeLeft UIInterfaceOrientationLandscapeRight";
				IPHONEOS_DEPLOYMENT_TARGET = 14.0;
				LD_RUNPATH_SEARCH_PATHS = (
					"$(inherited)",
					"@executable_path/Frameworks",
				);
				MARKETING_VERSION = 1.0;
				PRODUCT_BUNDLE_IDENTIFIER = com.infinity.TMDB;
				PRODUCT_NAME = "$(TARGET_NAME)";
				SWIFT_EMIT_LOC_STRINGS = YES;
				SWIFT_VERSION = 5.0;
				TARGETED_DEVICE_FAMILY = "1,2";
			};
			name = Debug;
		};
		E6EEBA6C289309A3000B4DAE /* Release */ = {
			isa = XCBuildConfiguration;
			buildSettings = {
				ASSETCATALOG_COMPILER_APPICON_NAME = AppIcon;
				ASSETCATALOG_COMPILER_GLOBAL_ACCENT_COLOR_NAME = AccentColor;
				CODE_SIGN_STYLE = Automatic;
				CURRENT_PROJECT_VERSION = 1;
				DEVELOPMENT_ASSET_PATHS = "\"TMDB/Preview Content\"";
				DEVELOPMENT_TEAM = ZNSUAA9FB3;
				ENABLE_PREVIEWS = YES;
				GENERATE_INFOPLIST_FILE = YES;
				INFOPLIST_FILE = TMDB/Resources/Info.plist;
				INFOPLIST_KEY_UIApplicationSceneManifest_Generation = YES;
				INFOPLIST_KEY_UIApplicationSupportsIndirectInputEvents = YES;
				INFOPLIST_KEY_UISupportedInterfaceOrientations = "UIInterfaceOrientationPortrait UIInterfaceOrientationLandscapeLeft UIInterfaceOrientationLandscapeRight";
				INFOPLIST_KEY_UISupportedInterfaceOrientations_iPad = "UIInterfaceOrientationPortrait UIInterfaceOrientationPortraitUpsideDown UIInterfaceOrientationLandscapeLeft UIInterfaceOrientationLandscapeRight";
				INFOPLIST_KEY_UISupportedInterfaceOrientations_iPhone = "UIInterfaceOrientationPortrait UIInterfaceOrientationLandscapeLeft UIInterfaceOrientationLandscapeRight";
				IPHONEOS_DEPLOYMENT_TARGET = 14.0;
				LD_RUNPATH_SEARCH_PATHS = (
					"$(inherited)",
					"@executable_path/Frameworks",
				);
				MARKETING_VERSION = 1.0;
				PRODUCT_BUNDLE_IDENTIFIER = com.infinity.TMDB;
				PRODUCT_NAME = "$(TARGET_NAME)";
				SWIFT_EMIT_LOC_STRINGS = YES;
				SWIFT_VERSION = 5.0;
				TARGETED_DEVICE_FAMILY = "1,2";
			};
			name = Release;
		};
		E6EEBA6E289309A3000B4DAE /* Debug */ = {
			isa = XCBuildConfiguration;
			buildSettings = {
				ALWAYS_EMBED_SWIFT_STANDARD_LIBRARIES = YES;
				BUNDLE_LOADER = "$(TEST_HOST)";
				CODE_SIGN_STYLE = Automatic;
				CURRENT_PROJECT_VERSION = 1;
				DEVELOPMENT_TEAM = ZNSUAA9FB3;
				GENERATE_INFOPLIST_FILE = YES;
				IPHONEOS_DEPLOYMENT_TARGET = 15.5;
				MARKETING_VERSION = 1.0;
				PRODUCT_BUNDLE_IDENTIFIER = com.infinity.TMDBTests;
				PRODUCT_NAME = "$(TARGET_NAME)";
				SWIFT_EMIT_LOC_STRINGS = NO;
				SWIFT_VERSION = 5.0;
				TARGETED_DEVICE_FAMILY = "1,2";
				TEST_HOST = "$(BUILT_PRODUCTS_DIR)/TMDB.app/TMDB";
			};
			name = Debug;
		};
		E6EEBA6F289309A3000B4DAE /* Release */ = {
			isa = XCBuildConfiguration;
			buildSettings = {
				ALWAYS_EMBED_SWIFT_STANDARD_LIBRARIES = YES;
				BUNDLE_LOADER = "$(TEST_HOST)";
				CODE_SIGN_STYLE = Automatic;
				CURRENT_PROJECT_VERSION = 1;
				DEVELOPMENT_TEAM = ZNSUAA9FB3;
				GENERATE_INFOPLIST_FILE = YES;
				IPHONEOS_DEPLOYMENT_TARGET = 15.5;
				MARKETING_VERSION = 1.0;
				PRODUCT_BUNDLE_IDENTIFIER = com.infinity.TMDBTests;
				PRODUCT_NAME = "$(TARGET_NAME)";
				SWIFT_EMIT_LOC_STRINGS = NO;
				SWIFT_VERSION = 5.0;
				TARGETED_DEVICE_FAMILY = "1,2";
				TEST_HOST = "$(BUILT_PRODUCTS_DIR)/TMDB.app/TMDB";
			};
			name = Release;
		};
/* End XCBuildConfiguration section */

/* Begin XCConfigurationList section */
		E6EEBA41289309A0000B4DAE /* Build configuration list for PBXProject "TMDB" */ = {
			isa = XCConfigurationList;
			buildConfigurations = (
				E6EEBA68289309A3000B4DAE /* Debug */,
				E6EEBA69289309A3000B4DAE /* Release */,
			);
			defaultConfigurationIsVisible = 0;
			defaultConfigurationName = Release;
		};
		E6EEBA6A289309A3000B4DAE /* Build configuration list for PBXNativeTarget "TMDB" */ = {
			isa = XCConfigurationList;
			buildConfigurations = (
				E6EEBA6B289309A3000B4DAE /* Debug */,
				E6EEBA6C289309A3000B4DAE /* Release */,
			);
			defaultConfigurationIsVisible = 0;
			defaultConfigurationName = Release;
		};
		E6EEBA6D289309A3000B4DAE /* Build configuration list for PBXNativeTarget "TMDBTests" */ = {
			isa = XCConfigurationList;
			buildConfigurations = (
				E6EEBA6E289309A3000B4DAE /* Debug */,
				E6EEBA6F289309A3000B4DAE /* Release */,
			);
			defaultConfigurationIsVisible = 0;
			defaultConfigurationName = Release;
		};
/* End XCConfigurationList section */

/* Begin XCRemoteSwiftPackageReference section */
		E6C4413D2893AF3B00B3E425 /* XCRemoteSwiftPackageReference "SDWebImageSwiftUI" */ = {
			isa = XCRemoteSwiftPackageReference;
			repositoryURL = "https://github.com/SDWebImage/SDWebImageSwiftUI.git";
			requirement = {
				kind = exactVersion;
				version = 2.0.2;
			};
		};
/* End XCRemoteSwiftPackageReference section */

/* Begin XCSwiftPackageProductDependency section */
		E6C4413E2893AF3B00B3E425 /* SDWebImageSwiftUI */ = {
			isa = XCSwiftPackageProductDependency;
			package = E6C4413D2893AF3B00B3E425 /* XCRemoteSwiftPackageReference "SDWebImageSwiftUI" */;
			productName = SDWebImageSwiftUI;
		};
/* End XCSwiftPackageProductDependency section */
	};
	rootObject = E6EEBA3E289309A0000B4DAE /* Project object */;
}
